
Microsoft Visual Studio Solution File, Format Version 12.00
# Visual Studio Version 17
VisualStudioVersion = 17.6.33723.286
MinimumVisualStudioVersion = 10.0.40219.1
Project("{FAE04EC0-301F-11D3-BF4B-00C04F79EFBC}") = "ConsoleApp2", "ConsoleApp2\ConsoleApp2.csproj", "{C32DE857-F7AB-414C-8CF8-5F8EAF811638}"
EndProject
Global
	GlobalSection(SolutionConfigurationPlatforms) = preSolution
		Debug|Any CPU = Debug|Any CPU
		Release|Any CPU = Release|Any CPU
	EndGlobalSection
	GlobalSection(ProjectConfigurationPlatforms) = postSolution
		{C32DE857-F7AB-414C-8CF8-5F8EAF811638}.Debug|Any CPU.ActiveCfg = Debug|Any CPU
		{C32DE857-F7AB-414C-8CF8-5F8EAF811638}.Debug|Any CPU.Build.0 = Debug|Any CPU
		{C32DE857-F7AB-414C-8CF8-5F8EAF811638}.Release|Any CPU.ActiveCfg = Release|Any CPU
		{C32DE857-F7AB-414C-8CF8-5F8EAF811638}.Release|Any CPU.Build.0 = Release|Any CPU
	EndGlobalSection
	GlobalSection(SolutionProperties) = preSolution
		HideSolutionNode = FALSE
	EndGlobalSection
	GlobalSection(ExtensibilityGlobals) = postSolution
		SolutionGuid = {C43B0601-E557-4A0D-A129-4FADD7470EF4}
	EndGlobalSection
EndGlobal
